
Microsoft Visual Studio Solution File, Format Version 12.00
# Visual Studio Version 17
VisualStudioVersion = 17.0.32112.339
MinimumVisualStudioVersion = 10.0.40219.1
Project("{FAE04EC0-301F-11D3-BF4B-00C04F79EFBC}") = "LoginDemo", "LoginDemo\LoginDemo.csproj", "{1267AE6F-FD96-429E-BA33-EEEED6DB23F1}"
EndProject
Global
	GlobalSection(SolutionConfigurationPlatforms) = preSolution
		Debug|Any CPU = Debug|Any CPU
		Release|Any CPU = Release|Any CPU
	EndGlobalSection
	GlobalSection(ProjectConfigurationPlatforms) = postSolution
		{1267AE6F-FD96-429E-BA33-EEEED6DB23F1}.Debug|Any CPU.ActiveCfg = Debug|Any CPU
		{1267AE6F-FD96-429E-BA33-EEEED6DB23F1}.Debug|Any CPU.Build.0 = Debug|Any CPU
		{1267AE6F-FD96-429E-BA33-EEEED6DB23F1}.Release|Any CPU.ActiveCfg = Release|Any CPU
		{1267AE6F-FD96-429E-BA33-EEEED6DB23F1}.Release|Any CPU.Build.0 = Release|Any CPU
	EndGlobalSection
	GlobalSection(SolutionProperties) = preSolution
		HideSolutionNode = FALSE
	EndGlobalSection
	GlobalSection(ExtensibilityGlobals) = postSolution
		SolutionGuid = {7EFF5878-3C26-4955-AD9C-F4241AC53B5F}
	EndGlobalSection
EndGlobal
